
Microsoft Visual Studio Solution File, Format Version 12.00
# Visual Studio Version 16
VisualStudioVersion = 16.0.30804.86
MinimumVisualStudioVersion = 10.0.40219.1
Project("{FAE04EC0-301F-11D3-BF4B-00C04F79EFBC}") = "DateTimeStep300", "DateTimeStep300\DateTimeStep300.csproj", "{8F52BE4A-A42A-45E2-AA6E-8497582A4FF6}"
EndProject
Global
	GlobalSection(SolutionConfigurationPlatforms) = preSolution
		Debug|Any CPU = Debug|Any CPU
		Release|Any CPU = Release|Any CPU
	EndGlobalSection
	GlobalSection(ProjectConfigurationPlatforms) = postSolution
		{8F52BE4A-A42A-45E2-AA6E-8497582A4FF6}.Debug|Any CPU.ActiveCfg = Debug|Any CPU
		{8F52BE4A-A42A-45E2-AA6E-8497582A4FF6}.Debug|Any CPU.Build.0 = Debug|Any CPU
		{8F52BE4A-A42A-45E2-AA6E-8497582A4FF6}.Release|Any CPU.ActiveCfg = Release|Any CPU
		{8F52BE4A-A42A-45E2-AA6E-8497582A4FF6}.Release|Any CPU.Build.0 = Release|Any CPU
	EndGlobalSection
	GlobalSection(SolutionProperties) = preSolution
		HideSolutionNode = FALSE
	EndGlobalSection
	GlobalSection(ExtensibilityGlobals) = postSolution
		SolutionGuid = {73B59248-229C-4ED3-8434-F136CF4609E7}
	EndGlobalSection
EndGlobal
